// !$*UTF8*$!
{
	archiveVersion = 1;
	classes = {
	};
	objectVersion = 77;
	objects = {

/* Begin PBXContainerItemProxy section */
		F9520F9B2FC1ADEA00F62DF6 /* PBXContainerItemProxy */ = {
			isa = PBXContainerItemProxy;
			containerPortal = F9520F852FC1ADE800F62DF6 /* Project object */;
			proxyType = 1;
			remoteGlobalIDString = F9520F8C2FC1ADE800F62DF6;
			remoteInfo = "album-discovery-app";
		};
		F9520FA52FC1ADEA00F62DF6 /* PBXContainerItemProxy */ = {
			isa = PBXContainerItemProxy;
			containerPortal = F9520F852FC1ADE800F62DF6 /* Project object */;
			proxyType = 1;
			remoteGlobalIDString = F9520F8C2FC1ADE800F62DF6;
			remoteInfo = "album-discovery-app";
		};
/* End PBXContainerItemProxy section */

/* Begin PBXFileReference section */
		F9520F8D2FC1ADE800F62DF6 /* album-discovery-app.app */ = {isa = PBXFileReference; explicitFileType = wrapper.application; includeInIndex = 0; path = "album-discovery-app.app"; sourceTree = BUILT_PRODUCTS_DIR; };
		F9520F9A2FC1ADEA00F62DF6 /* album-discovery-appTests.xctest */ = {isa = PBXFileReference; explicitFileType = wrapper.cfbundle; includeInIndex = 0; path = "album-discovery-appTests.xctest"; sourceTree = BUILT_PRODUCTS_DIR; };
		F9520FA42FC1ADEA00F62DF6 /* album-discovery-appUITests.xctest */ = {isa = PBXFileReference; explicitFileType = wrapper.cfbundle; includeInIndex = 0; path = "album-discovery-appUITests.xctest"; sourceTree = BUILT_PRODUCTS_DIR; };
/* End PBXFileReference section */

/* Begin PBXFileSystemSynchronizedRootGroup section */
		F9520F8F2FC1ADE800F62DF6 /* album-discovery-app */ = {
			isa = PBXFileSystemSynchronizedRootGroup;
			path = "album-discovery-app";
			sourceTree = "<group>";
		};
		F9520F9D2FC1ADEA00F62DF6 /* album-discovery-appTests */ = {
			isa = PBXFileSystemSynchronizedRootGroup;
			path = "album-discovery-appTests";
			sourceTree = "<group>";
		};
		F9520FA72FC1ADEA00F62DF6 /* album-discovery-appUITests */ = {
			isa = PBXFileSystemSynchronizedRootGroup;
			path = "album-discovery-appUITests";
			sourceTree = "<group>";
		};
/* End PBXFileSystemSynchronizedRootGroup section */

/* Begin PBXFrameworksBuildPhase section */
		F9520F8A2FC1ADE800F62DF6 /* Frameworks */ = {
			isa = PBXFrameworksBuildPhase;
			buildActionMask = 2147483647;
			files = (
			);
			runOnlyForDeploymentPostprocessing = 0;
		};
		F9520F972FC1ADEA00F62DF6 /* Frameworks */ = {
			isa = PBXFrameworksBuildPhase;
			buildActionMask = 2147483647;
			files = (
			);
			runOnlyForDeploymentPostprocessing = 0;
		};
		F9520FA12FC1ADEA00F62DF6 /* Frameworks */ = {
			isa = PBXFrameworksBuildPhase;
			buildActionMask = 2147483647;
			files = (
			);
			runOnlyForDeploymentPostprocessing = 0;
		};
/* End PBXFrameworksBuildPhase section */

/* Begin PBXGroup section */
		F9520F842FC1ADE800F62DF6 = {
			isa = PBXGroup;
			children = (
				F9520F8F2FC1ADE800F62DF6 /* album-discovery-app */,
				F9520F9D2FC1ADEA00F62DF6 /* album-discovery-appTests */,
				F9520FA72FC1ADEA00F62DF6 /* album-discovery-appUITests */,
				F9520F8E2FC1ADE800F62DF6 /* Products */,
			);
			sourceTree = "<group>";
		};
		F9520F8E2FC1ADE800F62DF6 /* Products */ = {
			isa = PBXGroup;
			children = (
				F9520F8D2FC1ADE800F62DF6 /* album-discovery-app.app */,
				F9520F9A2FC1ADEA00F62DF6 /* album-discovery-appTests.xctest */,
				F9520FA42FC1ADEA00F62DF6 /* album-discovery-appUITests.xctest */,
			);
			name = Products;
			sourceTree = "<group>";
		};
/* End PBXGroup section */

/* Begin PBXNativeTarget section */
		F9520F8C2FC1ADE800F62DF6 /* album-discovery-app */ = {
			isa = PBXNativeTarget;
			buildConfigurationList = F9520FAE2FC1ADEA00F62DF6 /* Build configuration list for PBXNativeTarget "album-discovery-app" */;
			buildPhases = (
				F9520F892FC1ADE800F62DF6 /* Sources */,
				F9520F8A2FC1ADE800F62DF6 /* Frameworks */,
				F9520F8B2FC1ADE800F62DF6 /* Resources */,
			);
			buildRules = (
			);
			dependencies = (
			);
			fileSystemSynchronizedGroups = (
				F9520F8F2FC1ADE800F62DF6 /* album-discovery-app */,
			);
			name = "album-discovery-app";
			packageProductDependencies = (
			);
			productName = "album-discovery-app";
			productReference = F9520F8D2FC1ADE800F62DF6 /* album-discovery-app.app */;
			productType = "com.apple.product-type.application";
		};
		F9520F992FC1ADEA00F62DF6 /* album-discovery-appTests */ = {
			isa = PBXNativeTarget;
			buildConfigurationList = F9520FB12FC1ADEA00F62DF6 /* Build configuration list for PBXNativeTarget "album-discovery-appTests" */;
			buildPhases = (
				F9520F962FC1ADEA00F62DF6 /* Sources */,
				F9520F972FC1ADEA00F62DF6 /* Frameworks */,
				F9520F982FC1ADEA00F62DF6 /* Resources */,
			);
			buildRules = (
			);
			dependencies = (
				F9520F9C2FC1ADEA00F62DF6 /* PBXTargetDependency */,
			);
			fileSystemSynchronizedGroups = (
				F9520F9D2FC1ADEA00F62DF6 /* album-discovery-appTests */,
			);
			name = "album-discovery-appTests";
			packageProductDependencies = (
			);
			productName = "album-discovery-appTests";
			productReference = F9520F9A2FC1ADEA00F62DF6 /* album-discovery-appTests.xctest */;
			productType = "com.apple.product-type.bundle.unit-test";
		};
		F9520FA32FC1ADEA00F62DF6 /* album-discovery-appUITests */ = {
			isa = PBXNativeTarget;
			buildConfigurationList = F9520FB42FC1ADEA00F62DF6 /* Build configuration list for PBXNativeTarget "album-discovery-appUITests" */;
			buildPhases = (
				F9520FA02FC1ADEA00F62DF6 /* Sources */,
				F9520FA12FC1ADEA00F62DF6 /* Frameworks */,
				F9520FA22FC1ADEA00F62DF6 /* Resources */,
			);
			buildRules = (
			);
			dependencies = (
				F9520FA62FC1ADEA00F62DF6 /* PBXTargetDependency */,
			);
			fileSystemSynchronizedGroups = (
				F9520FA72FC1ADEA00F62DF6 /* album-discovery-appUITests */,
			);
			name = "album-discovery-appUITests";
			packageProductDependencies = (
			);
			productName = "album-discovery-appUITests";
			productReference = F9520FA42FC1ADEA00F62DF6 /* album-discovery-appUITests.xctest */;
			productType = "com.apple.product-type.bundle.ui-testing";
		};
/* End PBXNativeTarget section */

/* Begin PBXProject section */
		F9520F852FC1ADE800F62DF6 /* Project object */ = {
			isa = PBXProject;
			attributes = {
				BuildIndependentTargetsInParallel = 1;
				LastSwiftUpdateCheck = 2610;
				LastUpgradeCheck = 2610;
				TargetAttributes = {
					F9520F8C2FC1ADE800F62DF6 = {
						CreatedOnToolsVersion = 26.1;
					};
					F9520F992FC1ADEA00F62DF6 = {
						CreatedOnToolsVersion = 26.1;
						TestTargetID = F9520F8C2FC1ADE800F62DF6;
					};
					F9520FA32FC1ADEA00F62DF6 = {
						CreatedOnToolsVersion = 26.1;
						TestTargetID = F9520F8C2FC1ADE800F62DF6;
					};
				};
			};
			buildConfigurationList = F9520F882FC1ADE800F62DF6 /* Build configuration list for PBXProject "album-discovery-app" */;
			developmentRegion = en;
			hasScannedForEncodings = 0;
			knownRegions = (
				en,
				Base,
			);
			mainGroup = F9520F842FC1ADE800F62DF6;
			minimizedProjectReferenceProxies = 1;
			preferredProjectObjectVersion = 77;
			productRefGroup = F9520F8E2FC1ADE800F62DF6 /* Products */;
			projectDirPath = "";
			projectRoot = "";
			targets = (
				F9520F8C2FC1ADE800F62DF6 /* album-discovery-app */,
				F9520F992FC1ADEA00F62DF6 /* album-discovery-appTests */,
				F9520FA32FC1ADEA00F62DF6 /* album-discovery-appUITests */,
			);
		};
/* End PBXProject section */

/* Begin PBXResourcesBuildPhase section */
		F9520F8B2FC1ADE800F62DF6 /* Resources */ = {
			isa = PBXResourcesBuildPhase;
			buildActionMask = 2147483647;
			files = (
			);
			runOnlyForDeploymentPostprocessing = 0;
		};
		F9520F982FC1ADEA00F62DF6 /* Resources */ = {
			isa = PBXResourcesBuildPhase;
			buildActionMask = 2147483647;
			files = (
			);
			runOnlyForDeploymentPostprocessing = 0;
		};
		F9520FA22FC1ADEA00F62DF6 /* Resources */ = {
			isa = PBXResourcesBuildPhase;
			buildActionMask = 2147483647;
			files = (
			);
			runOnlyForDeploymentPostprocessing = 0;
		};
/* End PBXResourcesBuildPhase section */

/* Begin PBXSourcesBuildPhase section */
		F9520F892FC1ADE800F62DF6 /* Sources */ = {
			isa = PBXSourcesBuildPhase;
			buildActionMask = 2147483647;
			files = (
			);
			runOnlyForDeploymentPostprocessing = 0;
		};
		F9520F962FC1ADEA00F62DF6 /* Sources */ = {
			isa = PBXSourcesBuildPhase;
			buildActionMask = 2147483647;
			files = (
			);
			runOnlyForDeploymentPostprocessing = 0;
		};
		F9520FA02FC1ADEA00F62DF6 /* Sources */ = {
			isa = PBXSourcesBuildPhase;
			buildActionMask = 2147483647;
			files = (
			);
			runOnlyForDeploymentPostprocessing = 0;
		};
/* End PBXSourcesBuildPhase section */

/* Begin PBXTargetDependency section */
		F9520F9C2FC1ADEA00F62DF6 /* PBXTargetDependency */ = {
			isa = PBXTargetDependency;
			target = F9520F8C2FC1ADE800F62DF6 /* album-discovery-app */;
			targetProxy = F9520F9B2FC1ADEA00F62DF6 /* PBXContainerItemProxy */;
		};
		F9520FA62FC1ADEA00F62DF6 /* PBXTargetDependency */ = {
			isa = PBXTargetDependency;
			target = F9520F8C2FC1ADE800F62DF6 /* album-discovery-app */;
			targetProxy = F9520FA52FC1ADEA00F62DF6 /* PBXContainerItemProxy */;
		};
/* End PBXTargetDependency section */

/* Begin XCBuildConfiguration section */
		F9520FAC2FC1ADEA00F62DF6 /* Debug */ = {
			isa = XCBuildConfiguration;
			buildSettings = {
				ALWAYS_SEARCH_USER_PATHS = NO;
				ASSETCATALOG_COMPILER_GENERATE_SWIFT_ASSET_SYMBOL_EXTENSIONS = YES;
				CLANG_ANALYZER_NONNULL = YES;
				CLANG_ANALYZER_NUMBER_OBJECT_CONVERSION = YES_AGGRESSIVE;
				CLANG_CXX_LANGUAGE_STANDARD = "gnu++20";
				CLANG_ENABLE_MODULES = YES;
				CLANG_ENABLE_OBJC_ARC = YES;
				CLANG_ENABLE_OBJC_WEAK = YES;
				CLANG_WARN_BLOCK_CAPTURE_AUTORELEASING = YES;
				CLANG_WARN_BOOL_CONVERSION = YES;
				CLANG_WARN_COMMA = YES;
				CLANG_WARN_CONSTANT_CONVERSION = YES;
				CLANG_WARN_DEPRECATED_OBJC_IMPLEMENTATIONS = YES;
				CLANG_WARN_DIRECT_OBJC_ISA_USAGE = YES_ERROR;
				CLANG_WARN_DOCUMENTATION_COMMENTS = YES;
				CLANG_WARN_EMPTY_BODY = YES;
				CLANG_WARN_ENUM_CONVERSION = YES;
				CLANG_WARN_INFINITE_RECURSION = YES;
				CLANG_WARN_INT_CONVERSION = YES;
				CLANG_WARN_NON_LITERAL_NULL_CONVERSION = YES;
				CLANG_WARN_OBJC_IMPLICIT_RETAIN_SELF = YES;
				CLANG_WARN_OBJC_LITERAL_CONVERSION = YES;
				CLANG_WARN_OBJC_ROOT_CLASS = YES_ERROR;
				CLANG_WARN_QUOTED_INCLUDE_IN_FRAMEWORK_HEADER = YES;
				CLANG_WARN_RANGE_LOOP_ANALYSIS = YES;
				CLANG_WARN_STRICT_PROTOTYPES = YES;
				CLANG_WARN_SUSPICIOUS_MOVE = YES;
				CLANG_WARN_UNGUARDED_AVAILABILITY = YES_AGGRESSIVE;
				CLANG_WARN_UNREACHABLE_CODE = YES;
				CLANG_WARN__DUPLICATE_METHOD_MATCH = YES;
				COPY_PHASE_STRIP = NO;
				DEBUG_INFORMATION_FORMAT = dwarf;
				ENABLE_STRICT_OBJC_MSGSEND = YES;
				ENABLE_TESTABILITY = YES;
				ENABLE_USER_SCRIPT_SANDBOXING = YES;
				GCC_C_LANGUAGE_STANDARD = gnu17;
				GCC_DYNAMIC_NO_PIC = NO;
				GCC_NO_COMMON_BLOCKS = YES;
				GCC_OPTIMIZATION_LEVEL = 0;
				GCC_PREPROCESSOR_DEFINITIONS = (
					"DEBUG=1",
					"$(inherited)",
				);
				GCC_WARN_64_TO_32_BIT_CONVERSION = YES;
				GCC_WARN_ABOUT_RETURN_TYPE = YES_ERROR;
				GCC_WARN_UNDECLARED_SELECTOR = YES;
				GCC_WARN_UNINITIALIZED_AUTOS = YES_AGGRESSIVE;
				GCC_WARN_UNUSED_FUNCTION = YES;
				GCC_WARN_UNUSED_VARIABLE = YES;
				IPHONEOS_DEPLOYMENT_TARGET = 26.1;
				LOCALIZATION_PREFERS_STRING_CATALOGS = YES;
				MTL_ENABLE_DEBUG_INFO = INCLUDE_SOURCE;
				MTL_FAST_MATH = YES;
				ONLY_ACTIVE_ARCH = YES;
				SDKROOT = iphoneos;
				SWIFT_ACTIVE_COMPILATION_CONDITIONS = "DEBUG $(inherited)";
				SWIFT_OPTIMIZATION_LEVEL = "-Onone";
			};
			name = Debug;
		};
		F9520FAD2FC1ADEA00F62DF6 /* Release */ = {
			isa = XCBuildConfiguration;
			buildSettings = {
				ALWAYS_SEARCH_USER_PATHS = NO;
				ASSETCATALOG_COMPILER_GENERATE_SWIFT_ASSET_SYMBOL_EXTENSIONS = YES;
				CLANG_ANALYZER_NONNULL = YES;
				CLANG_ANALYZER_NUMBER_OBJECT_CONVERSION = YES_AGGRESSIVE;
				CLANG_CXX_LANGUAGE_STANDARD = "gnu++20";
				CLANG_ENABLE_MODULES = YES;
				CLANG_ENABLE_OBJC_ARC = YES;
				CLANG_ENABLE_OBJC_WEAK = YES;
				CLANG_WARN_BLOCK_CAPTURE_AUTORELEASING = YES;
				CLANG_WARN_BOOL_CONVERSION = YES;
				CLANG_WARN_COMMA = YES;
				CLANG_WARN_CONSTANT_CONVERSION = YES;
				CLANG_WARN_DEPRECATED_OBJC_IMPLEMENTATIONS = YES;
				CLANG_WARN_DIRECT_OBJC_ISA_USAGE = YES_ERROR;
				CLANG_WARN_DOCUMENTATION_COMMENTS = YES;
				CLANG_WARN_EMPTY_BODY = YES;
				CLANG_WARN_ENUM_CONVERSION = YES;
				CLANG_WARN_INFINITE_RECURSION = YES;
				CLANG_WARN_INT_CONVERSION = YES;
				CLANG_WARN_NON_LITERAL_NULL_CONVERSION = YES;
				CLANG_WARN_OBJC_IMPLICIT_RETAIN_SELF = YES;
				CLANG_WARN_OBJC_LITERAL_CONVERSION = YES;
				CLANG_WARN_OBJC_ROOT_CLASS = YES_ERROR;
				CLANG_WARN_QUOTED_INCLUDE_IN_FRAMEWORK_HEADER = YES;
				CLANG_WARN_RANGE_LOOP_ANALYSIS = YES;
				CLANG_WARN_STRICT_PROTOTYPES = YES;
				CLANG_WARN_SUSPICIOUS_MOVE = YES;
				CLANG_WARN_UNGUARDED_AVAILABILITY = YES_AGGRESSIVE;
				CLANG_WARN_UNREACHABLE_CODE = YES;
				CLANG_WARN__DUPLICATE_METHOD_MATCH = YES;
				COPY_PHASE_STRIP = NO;
				DEBUG_INFORMATION_FORMAT = "dwarf-with-dsym";
				ENABLE_NS_ASSERTIONS = NO;
				ENABLE_STRICT_OBJC_MSGSEND = YES;
				ENABLE_USER_SCRIPT_SANDBOXING = YES;
				GCC_C_LANGUAGE_STANDARD = gnu17;
				GCC_NO_COMMON_BLOCKS = YES;
				GCC_WARN_64_TO_32_BIT_CONVERSION = YES;
				GCC_WARN_ABOUT_RETURN_TYPE = YES_ERROR;
				GCC_WARN_UNDECLARED_SELECTOR = YES;
				GCC_WARN_UNINITIALIZED_AUTOS = YES_AGGRESSIVE;
				GCC_WARN_UNUSED_FUNCTION = YES;
				GCC_WARN_UNUSED_VARIABLE = YES;
				IPHONEOS_DEPLOYMENT_TARGET = 26.1;
				LOCALIZATION_PREFERS_STRING_CATALOGS = YES;
				MTL_ENABLE_DEBUG_INFO = NO;
				MTL_FAST_MATH = YES;
				SDKROOT = iphoneos;
				SWIFT_COMPILATION_MODE = wholemodule;
				VALIDATE_PRODUCT = YES;
			};
			name = Release;
		};
		F9520FAF2FC1ADEA00F62DF6 /* Debug */ = {
			isa = XCBuildConfiguration;
			buildSettings = {
				ASSETCATALOG_COMPILER_APPICON_NAME = AppIcon;
				ASSETCATALOG_COMPILER_GLOBAL_ACCENT_COLOR_NAME = AccentColor;
				CODE_SIGN_STYLE = Automatic;
				CURRENT_PROJECT_VERSION = 1;
				ENABLE_PREVIEWS = YES;
				GENERATE_INFOPLIST_FILE = YES;
				INFOPLIST_KEY_UIApplicationSceneManifest_Generation = YES;
				INFOPLIST_KEY_UIApplicationSupportsIndirectInputEvents = YES;
				INFOPLIST_KEY_UILaunchScreen_Generation = YES;
				INFOPLIST_KEY_UISupportedInterfaceOrientations_iPad = "UIInterfaceOrientationPortrait UIInterfaceOrientationPortraitUpsideDown UIInterfaceOrientationLandscapeLeft UIInterfaceOrientationLandscapeRight";
				INFOPLIST_KEY_UISupportedInterfaceOrientations_iPhone = "UIInterfaceOrientationPortrait UIInterfaceOrientationLandscapeLeft UIInterfaceOrientationLandscapeRight";
				LD_RUNPATH_SEARCH_PATHS = (
					"$(inherited)",
					"@executable_path/Frameworks",
				);
				MARKETING_VERSION = 1.0;
				PRODUCT_BUNDLE_IDENTIFIER = "peishi.album-discovery-app";
				PRODUCT_NAME = "$(TARGET_NAME)";
				STRING_CATALOG_GENERATE_SYMBOLS = YES;
				SWIFT_APPROACHABLE_CONCURRENCY = YES;
				SWIFT_DEFAULT_ACTOR_ISOLATION = MainActor;
				SWIFT_EMIT_LOC_STRINGS = YES;
				SWIFT_UPCOMING_FEATURE_MEMBER_IMPORT_VISIBILITY = YES;
				SWIFT_VERSION = 5.0;
				TARGETED_DEVICE_FAMILY = "1,2";
			};
			name = Debug;
		};
		F9520FB02FC1ADEA00F62DF6 /* Release */ = {
			isa = XCBuildConfiguration;
			buildSettings = {
				ASSETCATALOG_COMPILER_APPICON_NAME = AppIcon;
				ASSETCATALOG_COMPILER_GLOBAL_ACCENT_COLOR_NAME = AccentColor;
				CODE_SIGN_STYLE = Automatic;
				CURRENT_PROJECT_VERSION = 1;
				ENABLE_PREVIEWS = YES;
				GENERATE_INFOPLIST_FILE = YES;
				INFOPLIST_KEY_UIApplicationSceneManifest_Generation = YES;
				INFOPLIST_KEY_UIApplicationSupportsIndirectInputEvents = YES;
				INFOPLIST_KEY_UILaunchScreen_Generation = YES;
				INFOPLIST_KEY_UISupportedInterfaceOrientations_iPad = "UIInterfaceOrientationPortrait UIInterfaceOrientationPortraitUpsideDown UIInterfaceOrientationLandscapeLeft UIInterfaceOrientationLandscapeRight";
				INFOPLIST_KEY_UISupportedInterfaceOrientations_iPhone = "UIInterfaceOrientationPortrait UIInterfaceOrientationLandscapeLeft UIInterfaceOrientationLandscapeRight";
				LD_RUNPATH_SEARCH_PATHS = (
					"$(inherited)",
					"@executable_path/Frameworks",
				);
				MARKETING_VERSION = 1.0;
				PRODUCT_BUNDLE_IDENTIFIER = "peishi.album-discovery-app";
				PRODUCT_NAME = "$(TARGET_NAME)";
				STRING_CATALOG_GENERATE_SYMBOLS = YES;
				SWIFT_APPROACHABLE_CONCURRENCY = YES;
				SWIFT_DEFAULT_ACTOR_ISOLATION = MainActor;
				SWIFT_EMIT_LOC_STRINGS = YES;
				SWIFT_UPCOMING_FEATURE_MEMBER_IMPORT_VISIBILITY = YES;
				SWIFT_VERSION = 5.0;
				TARGETED_DEVICE_FAMILY = "1,2";
			};
			name = Release;
		};
		F9520FB22FC1ADEA00F62DF6 /* Debug */ = {
			isa = XCBuildConfiguration;
			buildSettings = {
				BUNDLE_LOADER = "$(TEST_HOST)";
				CODE_SIGN_STYLE = Automatic;
				CURRENT_PROJECT_VERSION = 1;
				GENERATE_INFOPLIST_FILE = YES;
				IPHONEOS_DEPLOYMENT_TARGET = 26.1;
				MARKETING_VERSION = 1.0;
				PRODUCT_BUNDLE_IDENTIFIER = "peishi.album-discovery-appTests";
				PRODUCT_NAME = "$(TARGET_NAME)";
				STRING_CATALOG_GENERATE_SYMBOLS = NO;
				SWIFT_APPROACHABLE_CONCURRENCY = YES;
				SWIFT_EMIT_LOC_STRINGS = NO;
				SWIFT_UPCOMING_FEATURE_MEMBER_IMPORT_VISIBILITY = YES;
				SWIFT_VERSION = 5.0;
				TARGETED_DEVICE_FAMILY = "1,2";
				TEST_HOST = "$(BUILT_PRODUCTS_DIR)/album-discovery-app.app/$(BUNDLE_EXECUTABLE_FOLDER_PATH)/album-discovery-app";
			};
			name = Debug;
		};
		F9520FB32FC1ADEA00F62DF6 /* Release */ = {
			isa = XCBuildConfiguration;
			buildSettings = {
				BUNDLE_LOADER = "$(TEST_HOST)";
				CODE_SIGN_STYLE = Automatic;
				CURRENT_PROJECT_VERSION = 1;
				GENERATE_INFOPLIST_FILE = YES;
				IPHONEOS_DEPLOYMENT_TARGET = 26.1;
				MARKETING_VERSION = 1.0;
				PRODUCT_BUNDLE_IDENTIFIER = "peishi.album-discovery-appTests";
				PRODUCT_NAME = "$(TARGET_NAME)";
				STRING_CATALOG_GENERATE_SYMBOLS = NO;
				SWIFT_APPROACHABLE_CONCURRENCY = YES;
				SWIFT_EMIT_LOC_STRINGS = NO;
				SWIFT_UPCOMING_FEATURE_MEMBER_IMPORT_VISIBILITY = YES;
				SWIFT_VERSION = 5.0;
				TARGETED_DEVICE_FAMILY = "1,2";
				TEST_HOST = "$(BUILT_PRODUCTS_DIR)/album-discovery-app.app/$(BUNDLE_EXECUTABLE_FOLDER_PATH)/album-discovery-app";
			};
			name = Release;
		};
		F9520FB52FC1ADEA00F62DF6 /* Debug */ = {
			isa = XCBuildConfiguration;
			buildSettings = {
				CODE_SIGN_STYLE = Automatic;
				CURRENT_PROJECT_VERSION = 1;
				GENERATE_INFOPLIST_FILE = YES;
				MARKETING_VERSION = 1.0;
				PRODUCT_BUNDLE_IDENTIFIER = "peishi.album-discovery-appUITests";
				PRODUCT_NAME = "$(TARGET_NAME)";
				STRING_CATALOG_GENERATE_SYMBOLS = NO;
				SWIFT_APPROACHABLE_CONCURRENCY = YES;
				SWIFT_EMIT_LOC_STRINGS = NO;
				SWIFT_UPCOMING_FEATURE_MEMBER_IMPORT_VISIBILITY = YES;
				SWIFT_VERSION = 5.0;
				TARGETED_DEVICE_FAMILY = "1,2";
				TEST_TARGET_NAME = "album-discovery-app";
			};
			name = Debug;
		};
		F9520FB62FC1ADEA00F62DF6 /* Release */ = {
			isa = XCBuildConfiguration;
			buildSettings = {
				CODE_SIGN_STYLE = Automatic;
				CURRENT_PROJECT_VERSION = 1;
				GENERATE_INFOPLIST_FILE = YES;
				MARKETING_VERSION = 1.0;
				PRODUCT_BUNDLE_IDENTIFIER = "peishi.album-discovery-appUITests";
				PRODUCT_NAME = "$(TARGET_NAME)";
				STRING_CATALOG_GENERATE_SYMBOLS = NO;
				SWIFT_APPROACHABLE_CONCURRENCY = YES;
				SWIFT_EMIT_LOC_STRINGS = NO;
				SWIFT_UPCOMING_FEATURE_MEMBER_IMPORT_VISIBILITY = YES;
				SWIFT_VERSION = 5.0;
				TARGETED_DEVICE_FAMILY = "1,2";
				TEST_TARGET_NAME = "album-discovery-app";
			};
			name = Release;
		};
/* End XCBuildConfiguration section */

/* Begin XCConfigurationList section */
		F9520F882FC1ADE800F62DF6 /* Build configuration list for PBXProject "album-discovery-app" */ = {
			isa = XCConfigurationList;
			buildConfigurations = (
				F9520FAC2FC1ADEA00F62DF6 /* Debug */,
				F9520FAD2FC1ADEA00F62DF6 /* Release */,
			);
			defaultConfigurationIsVisible = 0;
			defaultConfigurationName = Release;
		};
		F9520FAE2FC1ADEA00F62DF6 /* Build configuration list for PBXNativeTarget "album-discovery-app" */ = {
			isa = XCConfigurationList;
			buildConfigurations = (
				F9520FAF2FC1ADEA00F62DF6 /* Debug */,
				F9520FB02FC1ADEA00F62DF6 /* Release */,
			);
			defaultConfigurationIsVisible = 0;
			defaultConfigurationName = Release;
		};
		F9520FB12FC1ADEA00F62DF6 /* Build configuration list for PBXNativeTarget "album-discovery-appTests" */ = {
			isa = XCConfigurationList;
			buildConfigurations = (
				F9520FB22FC1ADEA00F62DF6 /* Debug */,
				F9520FB32FC1ADEA00F62DF6 /* Release */,
			);
			defaultConfigurationIsVisible = 0;
			defaultConfigurationName = Release;
		};
		F9520FB42FC1ADEA00F62DF6 /* Build configuration list for PBXNativeTarget "album-discovery-appUITests" */ = {
			isa = XCConfigurationList;
			buildConfigurations = (
				F9520FB52FC1ADEA00F62DF6 /* Debug */,
				F9520FB62FC1ADEA00F62DF6 /* Release */,
			);
			defaultConfigurationIsVisible = 0;
			defaultConfigurationName = Release;
		};
/* End XCConfigurationList section */
	};
	rootObject = F9520F852FC1ADE800F62DF6 /* Project object */;
}
